
Microsoft Visual Studio Solution File, Format Version 12.00
# Visual Studio Version 16
VisualStudioVersion = 16.0.30804.86
MinimumVisualStudioVersion = 10.0.40219.1
Project("{FAE04EC0-301F-11D3-BF4B-00C04F79EFBC}") = "ConsoleApp2", "ConsoleApp2\ConsoleApp2.csproj", "{15C44B53-5EF8-47CA-B880-97573E6D950A}"
EndProject
Project("{FAE04EC0-301F-11D3-BF4B-00C04F79EFBC}") = "001", "001\001.csproj", "{B3A22E31-ABEC-4FA2-B18C-B55C1C8D83B0}"
EndProject
Project("{FAE04EC0-301F-11D3-BF4B-00C04F79EFBC}") = "002", "002\002.csproj", "{7E03FF71-AB14-4869-9194-3667562620DD}"
EndProject
Project("{FAE04EC0-301F-11D3-BF4B-00C04F79EFBC}") = "003", "003\003.csproj", "{844D9714-48C7-4A0D-AAF2-FDD9CA77E573}"
EndProject
Project("{FAE04EC0-301F-11D3-BF4B-00C04F79EFBC}") = "Аdditional_task", "Аdditional_task\Аdditional_task.csproj", "{AC5A4F38-97A8-432F-BC49-81ECC65580FF}"
EndProject
Project("{FAE04EC0-301F-11D3-BF4B-00C04F79EFBC}") = "Task1", "Task1\Task1.csproj", "{2433B99B-6A4A-41FF-9CE9-A146FFDB59F7}"
EndProject
Global
	GlobalSection(SolutionConfigurationPlatforms) = preSolution
		Debug|Any CPU = Debug|Any CPU
		Release|Any CPU = Release|Any CPU
	EndGlobalSection
	GlobalSection(ProjectConfigurationPlatforms) = postSolution
		{15C44B53-5EF8-47CA-B880-97573E6D950A}.Debug|Any CPU.ActiveCfg = Debug|Any CPU
		{15C44B53-5EF8-47CA-B880-97573E6D950A}.Debug|Any CPU.Build.0 = Debug|Any CPU
		{15C44B53-5EF8-47CA-B880-97573E6D950A}.Release|Any CPU.ActiveCfg = Release|Any CPU
		{15C44B53-5EF8-47CA-B880-97573E6D950A}.Release|Any CPU.Build.0 = Release|Any CPU
		{B3A22E31-ABEC-4FA2-B18C-B55C1C8D83B0}.Debug|Any CPU.ActiveCfg = Debug|Any CPU
		{B3A22E31-ABEC-4FA2-B18C-B55C1C8D83B0}.Debug|Any CPU.Build.0 = Debug|Any CPU
		{B3A22E31-ABEC-4FA2-B18C-B55C1C8D83B0}.Release|Any CPU.ActiveCfg = Release|Any CPU
		{B3A22E31-ABEC-4FA2-B18C-B55C1C8D83B0}.Release|Any CPU.Build.0 = Release|Any CPU
		{7E03FF71-AB14-4869-9194-3667562620DD}.Debug|Any CPU.ActiveCfg = Debug|Any CPU
		{7E03FF71-AB14-4869-9194-3667562620DD}.Debug|Any CPU.Build.0 = Debug|Any CPU
		{7E03FF71-AB14-4869-9194-3667562620DD}.Release|Any CPU.ActiveCfg = Release|Any CPU
		{7E03FF71-AB14-4869-9194-3667562620DD}.Release|Any CPU.Build.0 = Release|Any CPU
		{844D9714-48C7-4A0D-AAF2-FDD9CA77E573}.Debug|Any CPU.ActiveCfg = Debug|Any CPU
		{844D9714-48C7-4A0D-AAF2-FDD9CA77E573}.Debug|Any CPU.Build.0 = Debug|Any CPU
		{844D9714-48C7-4A0D-AAF2-FDD9CA77E573}.Release|Any CPU.ActiveCfg = Release|Any CPU
		{844D9714-48C7-4A0D-AAF2-FDD9CA77E573}.Release|Any CPU.Build.0 = Release|Any CPU
		{AC5A4F38-97A8-432F-BC49-81ECC65580FF}.Debug|Any CPU.ActiveCfg = Debug|Any CPU
		{AC5A4F38-97A8-432F-BC49-81ECC65580FF}.Debug|Any CPU.Build.0 = Debug|Any CPU
		{AC5A4F38-97A8-432F-BC49-81ECC65580FF}.Release|Any CPU.ActiveCfg = Release|Any CPU
		{AC5A4F38-97A8-432F-BC49-81ECC65580FF}.Release|Any CPU.Build.0 = Release|Any CPU
		{2433B99B-6A4A-41FF-9CE9-A146FFDB59F7}.Debug|Any CPU.ActiveCfg = Debug|Any CPU
		{2433B99B-6A4A-41FF-9CE9-A146FFDB59F7}.Debug|Any CPU.Build.0 = Debug|Any CPU
		{2433B99B-6A4A-41FF-9CE9-A146FFDB59F7}.Release|Any CPU.ActiveCfg = Release|Any CPU
		{2433B99B-6A4A-41FF-9CE9-A146FFDB59F7}.Release|Any CPU.Build.0 = Release|Any CPU
	EndGlobalSection
	GlobalSection(SolutionProperties) = preSolution
		HideSolutionNode = FALSE
	EndGlobalSection
	GlobalSection(ExtensibilityGlobals) = postSolution
		SolutionGuid = {9379CF7D-0564-42D9-BA78-A817A9F88942}
	EndGlobalSection
EndGlobal
